PODS:
  - cupertino_native (0.0.1):
    - Flutter
  - Flutter (1.0.0)

DEPENDENCIES:
  - cupertino_native (from `.symlinks/plugins/cupertino_native/ios`)
  - Flutter (from `Flutter`)

EXTERNAL SOURCES:
  cupertino_native:
    :path: ".symlinks/plugins/cupertino_native/ios"
  Flutter:
    :path: Flutter

SPEC CHECKSUMS:
  cupertino_native: 1db0611c94f9a9ea28433ed16a344dcb996370b5
  Flutter: cabc95a1d2626b1b06e7179b784ebcf0c0cde467

PODFILE CHECKSUM: e30f02f9d1c72c47bb6344a0a748c9d268180865

COCOAPODS: 1.16.2
